
Microsoft Visual Studio Solution File, Format Version 12.00
# Visual Studio 15
VisualStudioVersion = 15.0.27130.2010
MinimumVisualStudioVersion = 10.0.40219.1
Project("{9A19103F-16F7-4668-BE54-9A1E7A4F7556}") = "DotNetCore", "DotNetCore\DotNetCore.csproj", "{708C4E64-7E22-4132-88CA-22D20D5A76F9}"
EndProject
Project("{FAE04EC0-301F-11D3-BF4B-00C04F79EFBC}") = "Gshahine.MVC5", "MVC5\Gshahine.MVC5.csproj", "{A7F897AA-198F-4C47-A3C1-AF5E71BBE3CF}"
EndProject
Global
	GlobalSection(SolutionConfigurationPlatforms) = preSolution
		Debug|Any CPU = Debug|Any CPU
		Release|Any CPU = Release|Any CPU
	EndGlobalSection
	GlobalSection(ProjectConfigurationPlatforms) = postSolution
		{708C4E64-7E22-4132-88CA-22D20D5A76F9}.Debug|Any CPU.ActiveCfg = Debug|Any CPU
		{708C4E64-7E22-4132-88CA-22D20D5A76F9}.Debug|Any CPU.Build.0 = Debug|Any CPU
		{708C4E64-7E22-4132-88CA-22D20D5A76F9}.Release|Any CPU.ActiveCfg = Release|Any CPU
		{708C4E64-7E22-4132-88CA-22D20D5A76F9}.Release|Any CPU.Build.0 = Release|Any CPU
		{A7F897AA-198F-4C47-A3C1-AF5E71BBE3CF}.Debug|Any CPU.ActiveCfg = Debug|Any CPU
		{A7F897AA-198F-4C47-A3C1-AF5E71BBE3CF}.Debug|Any CPU.Build.0 = Debug|Any CPU
		{A7F897AA-198F-4C47-A3C1-AF5E71BBE3CF}.Release|Any CPU.ActiveCfg = Release|Any CPU
		{A7F897AA-198F-4C47-A3C1-AF5E71BBE3CF}.Release|Any CPU.Build.0 = Release|Any CPU
	EndGlobalSection
	GlobalSection(SolutionProperties) = preSolution
		HideSolutionNode = FALSE
	EndGlobalSection
	GlobalSection(ExtensibilityGlobals) = postSolution
		SolutionGuid = {12C725E8-558E-49DC-8AC8-6EE49DE5F010}
	EndGlobalSection
EndGlobal
